Microsoft Visual Studio Solution File, Format Version 12.00
# Visual Studio Version 17
VisualStudioVersion = 17.5.2.0
MinimumVisualStudioVersion = 10.0.40219.1
Project("{FAE04EC0-301F-11D3-BF4B-00C04F79EFBC}") = "eSusFarm.Api", "eSusFarm.Api.csproj", "{20EE2D3A-6E54-20A6-5E10-275E0CB3996B}"
EndProject
Global
	GlobalSection(SolutionConfigurationPlatforms) = preSolution
		Debug|Any CPU = Debug|Any CPU
		Release|Any CPU = Release|Any CPU
	EndGlobalSection
	GlobalSection(ProjectConfigurationPlatforms) = postSolution
		{20EE2D3A-6E54-20A6-5E10-275E0CB3996B}.Debug|Any CPU.ActiveCfg = Debug|Any CPU
		{20EE2D3A-6E54-20A6-5E10-275E0CB3996B}.Debug|Any CPU.Build.0 = Debug|Any CPU
		{20EE2D3A-6E54-20A6-5E10-275E0CB3996B}.Release|Any CPU.ActiveCfg = Release|Any CPU
		{20EE2D3A-6E54-20A6-5E10-275E0CB3996B}.Release|Any CPU.Build.0 = Release|Any CPU
	EndGlobalSection
	GlobalSection(SolutionProperties) = preSolution
		HideSolutionNode = FALSE
	EndGlobalSection
	GlobalSection(ExtensibilityGlobals) = postSolution
		SolutionGuid = {6238F7DF-09AC-492A-AD82-B5CD58845BB1}
	EndGlobalSection
EndGlobal
